
Microsoft Visual Studio Solution File, Format Version 12.00
# Visual Studio Version 17
VisualStudioVersion = 17.0.32014.148
MinimumVisualStudioVersion = 10.0.40219.1
Project("{9A19103F-16F7-4668-BE54-9A1E7A4F7556}") = "RetailMarketingBlazor", "RetailMarketingBlazor\RetailMarketingBlazor.csproj", "{41CEF2C9-2FCE-44F3-8068-4FBC0E541FEA}"
EndProject
Global
	GlobalSection(SolutionConfigurationPlatforms) = preSolution
		Debug|Any CPU = Debug|Any CPU
		Release|Any CPU = Release|Any CPU
	EndGlobalSection
	GlobalSection(ProjectConfigurationPlatforms) = postSolution
		{41CEF2C9-2FCE-44F3-8068-4FBC0E541FEA}.Debug|Any CPU.ActiveCfg = Debug|Any CPU
		{41CEF2C9-2FCE-44F3-8068-4FBC0E541FEA}.Debug|Any CPU.Build.0 = Debug|Any CPU
		{41CEF2C9-2FCE-44F3-8068-4FBC0E541FEA}.Release|Any CPU.ActiveCfg = Release|Any CPU
		{41CEF2C9-2FCE-44F3-8068-4FBC0E541FEA}.Release|Any CPU.Build.0 = Release|Any CPU
	EndGlobalSection
	GlobalSection(SolutionProperties) = preSolution
		HideSolutionNode = FALSE
	EndGlobalSection
	GlobalSection(ExtensibilityGlobals) = postSolution
		SolutionGuid = {FCB25D3F-F5C9-4A80-A679-D9B94F2AA3D0}
	EndGlobalSection
EndGlobal
